
Microsoft Visual Studio Solution File, Format Version 10.00
# Visual Studio 2008
Project("{8BC9CEB8-8B4A-11D0-8D11-00A0C91BC942}") = "id3dlib", "id3dlib.vcproj", "{ECE9B2CB-A536-41DF-9868-C75EF34FAC7A}"
EndProject
Global
	GlobalSection(SolutionConfigurationPlatforms) = preSolution
		Debug|Win32 = Debug|Win32
		Release|Win32 = Release|Win32
	EndGlobalSection
	GlobalSection(ProjectConfigurationPlatforms) = postSolution
		{ECE9B2CB-A536-41DF-9868-C75EF34FAC7A}.Debug|Win32.ActiveCfg = Debug|Win32
		{ECE9B2CB-A536-41DF-9868-C75EF34FAC7A}.Debug|Win32.Build.0 = Debug|Win32
		{ECE9B2CB-A536-41DF-9868-C75EF34FAC7A}.Release|Win32.ActiveCfg = Release|Win32
		{ECE9B2CB-A536-41DF-9868-C75EF34FAC7A}.Release|Win32.Build.0 = Release|Win32
	EndGlobalSection
	GlobalSection(SolutionProperties) = preSolution
		HideSolutionNode = FALSE
	EndGlobalSection
EndGlobal
